
Microsoft Visual Studio Solution File, Format Version 12.00
# Visual Studio 14
VisualStudioVersion = 14.0.25420.1
MinimumVisualStudioVersion = 10.0.40219.1
Project("{8BC9CEB8-8B4A-11D0-8D11-00A0C91BC942}") = "swmm5", "swmm5\swmm5.vcxproj", "{00906929-A80F-4DCF-844C-F94F3B29B0E5}"
EndProject
Project("{8BC9CEB8-8B4A-11D0-8D11-00A0C91BC942}") = "swmm5_iface", "swmm5_iface\swmm5_iface.vcxproj", "{BBC1D408-52E4-4F6B-A33C-90DC34D7381C}"
	ProjectSection(ProjectDependencies) = postProject
		{00906929-A80F-4DCF-844C-F94F3B29B0E5} = {00906929-A80F-4DCF-844C-F94F3B29B0E5}
	EndProjectSection
EndProject
Global
	GlobalSection(SolutionConfigurationPlatforms) = preSolution
		Debug|x64 = Debug|x64
		Debug|x86 = Debug|x86
		Release|x64 = Release|x64
		Release|x86 = Release|x86
	EndGlobalSection
	GlobalSection(ProjectConfigurationPlatforms) = postSolution
		{00906929-A80F-4DCF-844C-F94F3B29B0E5}.Debug|x64.ActiveCfg = Debug|x64
		{00906929-A80F-4DCF-844C-F94F3B29B0E5}.Debug|x64.Build.0 = Debug|x64
		{00906929-A80F-4DCF-844C-F94F3B29B0E5}.Debug|x86.ActiveCfg = Debug|Win32
		{00906929-A80F-4DCF-844C-F94F3B29B0E5}.Debug|x86.Build.0 = Debug|Win32
		{00906929-A80F-4DCF-844C-F94F3B29B0E5}.Release|x64.ActiveCfg = Release|x64
		{00906929-A80F-4DCF-844C-F94F3B29B0E5}.Release|x64.Build.0 = Release|x64
		{00906929-A80F-4DCF-844C-F94F3B29B0E5}.Release|x86.ActiveCfg = Release|Win32
		{00906929-A80F-4DCF-844C-F94F3B29B0E5}.Release|x86.Build.0 = Release|Win32
		{BBC1D408-52E4-4F6B-A33C-90DC34D7381C}.Debug|x64.ActiveCfg = Debug|x64
		{BBC1D408-52E4-4F6B-A33C-90DC34D7381C}.Debug|x64.Build.0 = Debug|x64
		{BBC1D408-52E4-4F6B-A33C-90DC34D7381C}.Debug|x86.ActiveCfg = Debug|Win32
		{BBC1D408-52E4-4F6B-A33C-90DC34D7381C}.Debug|x86.Build.0 = Debug|Win32
		{BBC1D408-52E4-4F6B-A33C-90DC34D7381C}.Release|x64.ActiveCfg = Release|x64
		{BBC1D408-52E4-4F6B-A33C-90DC34D7381C}.Release|x64.Build.0 = Release|x64
		{BBC1D408-52E4-4F6B-A33C-90DC34D7381C}.Release|x86.ActiveCfg = Release|Win32
		{BBC1D408-52E4-4F6B-A33C-90DC34D7381C}.Release|x86.Build.0 = Release|Win32
	EndGlobalSection
	GlobalSection(SolutionProperties) = preSolution
		HideSolutionNode = FALSE
	EndGlobalSection
EndGlobal
